
Microsoft Visual Studio Solution File, Format Version 12.00
# Visual Studio Version 16
VisualStudioVersion = 16.0.31205.134
MinimumVisualStudioVersion = 10.0.40219.1
Project("{FAE04EC0-301F-11D3-BF4B-00C04F79EFBC}") = "QuanLyBanSach", "QuanLyBanSach\QuanLyBanSach.csproj", "{6000E323-24C8-48AA-A10A-176C16E121D8}"
EndProject
Global
	GlobalSection(SolutionConfigurationPlatforms) = preSolution
		Debug|Any CPU = Debug|Any CPU
		Release|Any CPU = Release|Any CPU
	EndGlobalSection
	GlobalSection(ProjectConfigurationPlatforms) = postSolution
		{6000E323-24C8-48AA-A10A-176C16E121D8}.Debug|Any CPU.ActiveCfg = Debug|Any CPU
		{6000E323-24C8-48AA-A10A-176C16E121D8}.Debug|Any CPU.Build.0 = Debug|Any CPU
		{6000E323-24C8-48AA-A10A-176C16E121D8}.Release|Any CPU.ActiveCfg = Release|Any CPU
		{6000E323-24C8-48AA-A10A-176C16E121D8}.Release|Any CPU.Build.0 = Release|Any CPU
	EndGlobalSection
	GlobalSection(SolutionProperties) = preSolution
		HideSolutionNode = FALSE
	EndGlobalSection
	GlobalSection(ExtensibilityGlobals) = postSolution
		SolutionGuid = {E06CC85A-45EB-4F7E-82BF-009F26C474BB}
	EndGlobalSection
EndGlobal
